// !$*UTF8*$!
{
	archiveVersion = 1;
	classes = {
	};
	objectVersion = 55;
	objects = {

/* Begin PBXBuildFile section */
		CE1152C226ACBECB0076C4F7 /* CustomNavigationBar.swift in Sources */ = {isa = PBXBuildFile; fileRef = CE1152C126ACBECB0076C4F7 /* CustomNavigationBar.swift */; };
		CE1152C326ACBECB0076C4F7 /* CustomNavigationBar.swift in Sources */ = {isa = PBXBuildFile; fileRef = CE1152C126ACBECB0076C4F7 /* CustomNavigationBar.swift */; };
		CE1152C626ACD2B30076C4F7 /* CustomButtonStyle.swift in Sources */ = {isa = PBXBuildFile; fileRef = CE1152C526ACD2B30076C4F7 /* CustomButtonStyle.swift */; };
		CE1152C726ACD2B30076C4F7 /* CustomButtonStyle.swift in Sources */ = {isa = PBXBuildFile; fileRef = CE1152C526ACD2B30076C4F7 /* CustomButtonStyle.swift */; };
		CE7207FE26A6FF9B00687D32 /* StackAction.swift in Sources */ = {isa = PBXBuildFile; fileRef = CE7207FD26A6FF9B00687D32 /* StackAction.swift */; };
		CE7207FF26A6FF9B00687D32 /* StackAction.swift in Sources */ = {isa = PBXBuildFile; fileRef = CE7207FD26A6FF9B00687D32 /* StackAction.swift */; };
		CE72082D26A8CEB200687D32 /* NavigationStackView.swift in Sources */ = {isa = PBXBuildFile; fileRef = CE72082C26A8CEB200687D32 /* NavigationStackView.swift */; };
		CE72082E26A8CEB200687D32 /* NavigationStackView.swift in Sources */ = {isa = PBXBuildFile; fileRef = CE72082C26A8CEB200687D32 /* NavigationStackView.swift */; };
		CE72083026A99DB600687D32 /* ViewStack.swift in Sources */ = {isa = PBXBuildFile; fileRef = CE72082F26A99DB600687D32 /* ViewStack.swift */; };
		CE72083126A99DB600687D32 /* ViewStack.swift in Sources */ = {isa = PBXBuildFile; fileRef = CE72082F26A99DB600687D32 /* ViewStack.swift */; };
		CE72083326A99FDE00687D32 /* StackScreenViewController.swift in Sources */ = {isa = PBXBuildFile; fileRef = CE72083226A99FDE00687D32 /* StackScreenViewController.swift */; };
		CE72083426A99FDE00687D32 /* StackScreenViewController.swift in Sources */ = {isa = PBXBuildFile; fileRef = CE72083226A99FDE00687D32 /* StackScreenViewController.swift */; };
		CED4655F26B2C320008B8705 /* InboxScreen.swift in Sources */ = {isa = PBXBuildFile; fileRef = CED4655E26B2C320008B8705 /* InboxScreen.swift */; };
		CED4656026B2C320008B8705 /* InboxScreen.swift in Sources */ = {isa = PBXBuildFile; fileRef = CED4655E26B2C320008B8705 /* InboxScreen.swift */; };
		CEE15A4126A45F2100CFDC19 /* Trening_CleanArchitectureApp.swift in Sources */ = {isa = PBXBuildFile; fileRef = CEE15A3026A45F2100CFDC19 /* Trening_CleanArchitectureApp.swift */; };
		CEE15A4226A45F2100CFDC19 /* Trening_CleanArchitectureApp.swift in Sources */ = {isa = PBXBuildFile; fileRef = CEE15A3026A45F2100CFDC19 /* Trening_CleanArchitectureApp.swift */; };
		CEE15A4326A45F2100CFDC19 /* ContentView.swift in Sources */ = {isa = PBXBuildFile; fileRef = CEE15A3126A45F2100CFDC19 /* ContentView.swift */; };
		CEE15A4426A45F2100CFDC19 /* ContentView.swift in Sources */ = {isa = PBXBuildFile; fileRef = CEE15A3126A45F2100CFDC19 /* ContentView.swift */; };
		CEE15A4526A45F2100CFDC19 /* Persistence.swift in Sources */ = {isa = PBXBuildFile; fileRef = CEE15A3226A45F2100CFDC19 /* Persistence.swift */; };
		CEE15A4626A45F2100CFDC19 /* Persistence.swift in Sources */ = {isa = PBXBuildFile; fileRef = CEE15A3226A45F2100CFDC19 /* Persistence.swift */; };
		CEE15A4726A45F2100CFDC19 /* Assets.xcassets in Resources */ = {isa = PBXBuildFile; fileRef = CEE15A3326A45F2100CFDC19 /* Assets.xcassets */; };
		CEE15A4826A45F2100CFDC19 /* Assets.xcassets in Resources */ = {isa = PBXBuildFile; fileRef = CEE15A3326A45F2100CFDC19 /* Assets.xcassets */; };
		CEE15A5226A45F2C00CFDC19 /* AppState.swift in Sources */ = {isa = PBXBuildFile; fileRef = CEE15A5126A45F2C00CFDC19 /* AppState.swift */; };
		CEE15A5326A45F2C00CFDC19 /* AppState.swift in Sources */ = {isa = PBXBuildFile; fileRef = CEE15A5126A45F2C00CFDC19 /* AppState.swift */; };
		CEE15A5526A4D8F900CFDC19 /* DIContainer.swift in Sources */ = {isa = PBXBuildFile; fileRef = CEE15A5426A4D8F900CFDC19 /* DIContainer.swift */; };
		CEE15A5626A4D8F900CFDC19 /* DIContainer.swift in Sources */ = {isa = PBXBuildFile; fileRef = CEE15A5426A4D8F900CFDC19 /* DIContainer.swift */; };
		CEE15A5826A4E7F400CFDC19 /* ProjectsScreen.swift in Sources */ = {isa = PBXBuildFile; fileRef = CEE15A5726A4E7F400CFDC19 /* ProjectsScreen.swift */; };
		CEE15A5926A4E7F400CFDC19 /* ProjectsScreen.swift in Sources */ = {isa = PBXBuildFile; fileRef = CEE15A5726A4E7F400CFDC19 /* ProjectsScreen.swift */; };
		CEE15A5B26A4E7FB00CFDC19 /* TasksScreen.swift in Sources */ = {isa = PBXBuildFile; fileRef = CEE15A5A26A4E7FB00CFDC19 /* TasksScreen.swift */; };
		CEE15A5C26A4E7FB00CFDC19 /* TasksScreen.swift in Sources */ = {isa = PBXBuildFile; fileRef = CEE15A5A26A4E7FB00CFDC19 /* TasksScreen.swift */; };
		CEE15A5F26A4E8B400CFDC19 /* Models.swift in Sources */ = {isa = PBXBuildFile; fileRef = CEE15A5E26A4E8B400CFDC19 /* Models.swift */; };
		CEE15A6026A4E8B400CFDC19 /* Models.swift in Sources */ = {isa = PBXBuildFile; fileRef = CEE15A5E26A4E8B400CFDC19 /* Models.swift */; };
/* End PBXBuildFile section */

/* Begin PBXFileReference section */
		CE1152C126ACBECB0076C4F7 /* CustomNavigationBar.swift */ = {isa = PBXFileReference; lastKnownFileType = sourcecode.swift; path = CustomNavigationBar.swift; sourceTree = "<group>"; };
		CE1152C526ACD2B30076C4F7 /* CustomButtonStyle.swift */ = {isa = PBXFileReference; lastKnownFileType = sourcecode.swift; path = CustomButtonStyle.swift; sourceTree = "<group>"; };
		CE7207FD26A6FF9B00687D32 /* StackAction.swift */ = {isa = PBXFileReference; lastKnownFileType = sourcecode.swift; path = StackAction.swift; sourceTree = "<group>"; };
		CE72082B26A8C0C300687D32 /* Trening-CleanArchitecture--iOS--Info.plist */ = {isa = PBXFileReference; lastKnownFileType = text.plist; path = "Trening-CleanArchitecture--iOS--Info.plist"; sourceTree = "<group>"; };
		CE72082C26A8CEB200687D32 /* NavigationStackView.swift */ = {isa = PBXFileReference; lastKnownFileType = sourcecode.swift; path = NavigationStackView.swift; sourceTree = "<group>"; };
		CE72082F26A99DB600687D32 /* ViewStack.swift */ = {isa = PBXFileReference; lastKnownFileType = sourcecode.swift; path = ViewStack.swift; sourceTree = "<group>"; };
		CE72083226A99FDE00687D32 /* StackScreenViewController.swift */ = {isa = PBXFileReference; lastKnownFileType = sourcecode.swift; path = StackScreenViewController.swift; sourceTree = "<group>"; };
		CED4655E26B2C320008B8705 /* InboxScreen.swift */ = {isa = PBXFileReference; lastKnownFileType = sourcecode.swift; path = InboxScreen.swift; sourceTree = "<group>"; };
		CEE15A3026A45F2100CFDC19 /* Trening_CleanArchitectureApp.swift */ = {isa = PBXFileReference; lastKnownFileType = sourcecode.swift; path = Trening_CleanArchitectureApp.swift; sourceTree = "<group>"; };
		CEE15A3126A45F2100CFDC19 /* ContentView.swift */ = {isa = PBXFileReference; lastKnownFileType = sourcecode.swift; path = ContentView.swift; sourceTree = "<group>"; };
		CEE15A3226A45F2100CFDC19 /* Persistence.swift */ = {isa = PBXFileReference; lastKnownFileType = sourcecode.swift; path = Persistence.swift; sourceTree = "<group>"; };
		CEE15A3326A45F2100CFDC19 /* Assets.xcassets */ = {isa = PBXFileReference; lastKnownFileType = folder.assetcatalog; path = Assets.xcassets; sourceTree = "<group>"; };
		CEE15A3826A45F2100CFDC19 /* Trening_CleanArchitecture.app */ = {isa = PBXFileReference; explicitFileType = wrapper.application; includeInIndex = 0; path = Trening_CleanArchitecture.app; sourceTree = BUILT_PRODUCTS_DIR; };
		CEE15A3E26A45F2100CFDC19 /* Trening_CleanArchitecture.app */ = {isa = PBXFileReference; explicitFileType = wrapper.application; includeInIndex = 0; path = Trening_CleanArchitecture.app; sourceTree = BUILT_PRODUCTS_DIR; };
		CEE15A5126A45F2C00CFDC19 /* AppState.swift */ = {isa = PBXFileReference; lastKnownFileType = sourcecode.swift; path = AppState.swift; sourceTree = "<group>"; };
		CEE15A5426A4D8F900CFDC19 /* DIContainer.swift */ = {isa = PBXFileReference; lastKnownFileType = sourcecode.swift; path = DIContainer.swift; sourceTree = "<group>"; };
		CEE15A5726A4E7F400CFDC19 /* ProjectsScreen.swift */ = {isa = PBXFileReference; lastKnownFileType = sourcecode.swift; path = ProjectsScreen.swift; sourceTree = "<group>"; };
		CEE15A5A26A4E7FB00CFDC19 /* TasksScreen.swift */ = {isa = PBXFileReference; lastKnownFileType = sourcecode.swift; path = TasksScreen.swift; sourceTree = "<group>"; };
		CEE15A5E26A4E8B400CFDC19 /* Models.swift */ = {isa = PBXFileReference; lastKnownFileType = sourcecode.swift; path = Models.swift; sourceTree = "<group>"; };
/* End PBXFileReference section */

/* Begin PBXFrameworksBuildPhase section */
		CEE15A3526A45F2100CFDC19 /* Frameworks */ = {
			isa = PBXFrameworksBuildPhase;
			buildActionMask = 2147483647;
			files = (
			);
			runOnlyForDeploymentPostprocessing = 0;
		};
		CEE15A3B26A45F2100CFDC19 /* Frameworks */ = {
			isa = PBXFrameworksBuildPhase;
			buildActionMask = 2147483647;
			files = (
			);
			runOnlyForDeploymentPostprocessing = 0;
		};
/* End PBXFrameworksBuildPhase section */

/* Begin PBXGroup section */
		CE1152C426ACCF9B0076C4F7 /* Screens */ = {
			isa = PBXGroup;
			children = (
				CEE15A5A26A4E7FB00CFDC19 /* TasksScreen.swift */,
				CEE15A5726A4E7F400CFDC19 /* ProjectsScreen.swift */,
				CED4655E26B2C320008B8705 /* InboxScreen.swift */,
			);
			path = Screens;
			sourceTree = "<group>";
		};
		CEE15A2826A45F2000CFDC19 = {
			isa = PBXGroup;
			children = (
				CE72082B26A8C0C300687D32 /* Trening-CleanArchitecture--iOS--Info.plist */,
				CEE15A2D26A45F2100CFDC19 /* Shared */,
				CEE15A3926A45F2100CFDC19 /* Products */,
			);
			sourceTree = "<group>";
		};
		CEE15A2D26A45F2100CFDC19 /* Shared */ = {
			isa = PBXGroup;
			children = (
				CEE15A3026A45F2100CFDC19 /* Trening_CleanArchitectureApp.swift */,
				CE7207FD26A6FF9B00687D32 /* StackAction.swift */,
				CE72082F26A99DB600687D32 /* ViewStack.swift */,
				CE1152C426ACCF9B0076C4F7 /* Screens */,
				CEE15A5D26A4E80F00CFDC19 /* Other Views */,
				CEE15A5126A45F2C00CFDC19 /* AppState.swift */,
				CEE15A5426A4D8F900CFDC19 /* DIContainer.swift */,
				CEE15A3226A45F2100CFDC19 /* Persistence.swift */,
				CEE15A5E26A4E8B400CFDC19 /* Models.swift */,
				CEE15A3326A45F2100CFDC19 /* Assets.xcassets */,
			);
			path = Shared;
			sourceTree = "<group>";
		};
		CEE15A3926A45F2100CFDC19 /* Products */ = {
			isa = PBXGroup;
			children = (
				CEE15A3826A45F2100CFDC19 /* Trening_CleanArchitecture.app */,
				CEE15A3E26A45F2100CFDC19 /* Trening_CleanArchitecture.app */,
			);
			name = Products;
			sourceTree = "<group>";
		};
		CEE15A5D26A4E80F00CFDC19 /* Other Views */ = {
			isa = PBXGroup;
			children = (
				CEE15A3126A45F2100CFDC19 /* ContentView.swift */,
				CE72083226A99FDE00687D32 /* StackScreenViewController.swift */,
				CE72082C26A8CEB200687D32 /* NavigationStackView.swift */,
				CE1152C126ACBECB0076C4F7 /* CustomNavigationBar.swift */,
				CE1152C526ACD2B30076C4F7 /* CustomButtonStyle.swift */,
			);
			path = "Other Views";
			sourceTree = "<group>";
		};
/* End PBXGroup section */

/* Begin PBXNativeTarget section */
		CEE15A3726A45F2100CFDC19 /* Trening_CleanArchitecture (iOS) */ = {
			isa = PBXNativeTarget;
			buildConfigurationList = CEE15A4B26A45F2100CFDC19 /* Build configuration list for PBXNativeTarget "Trening_CleanArchitecture (iOS)" */;
			buildPhases = (
				CEE15A3426A45F2100CFDC19 /* Sources */,
				CEE15A3526A45F2100CFDC19 /* Frameworks */,
				CEE15A3626A45F2100CFDC19 /* Resources */,
			);
			buildRules = (
			);
			dependencies = (
			);
			name = "Trening_CleanArchitecture (iOS)";
			productName = "Trening_CleanArchitecture (iOS)";
			productReference = CEE15A3826A45F2100CFDC19 /* Trening_CleanArchitecture.app */;
			productType = "com.apple.product-type.application";
		};
		CEE15A3D26A45F2100CFDC19 /* Trening_CleanArchitecture (macOS) */ = {
			isa = PBXNativeTarget;
			buildConfigurationList = CEE15A4E26A45F2100CFDC19 /* Build configuration list for PBXNativeTarget "Trening_CleanArchitecture (macOS)" */;
			buildPhases = (
				CEE15A3A26A45F2100CFDC19 /* Sources */,
				CEE15A3B26A45F2100CFDC19 /* Frameworks */,
				CEE15A3C26A45F2100CFDC19 /* Resources */,
			);
			buildRules = (
			);
			dependencies = (
			);
			name = "Trening_CleanArchitecture (macOS)";
			productName = "Trening_CleanArchitecture (macOS)";
			productReference = CEE15A3E26A45F2100CFDC19 /* Trening_CleanArchitecture.app */;
			productType = "com.apple.product-type.application";
		};
/* End PBXNativeTarget section */

/* Begin PBXProject section */
		CEE15A2926A45F2000CFDC19 /* Project object */ = {
			isa = PBXProject;
			attributes = {
				BuildIndependentTargetsInParallel = 1;
				LastSwiftUpdateCheck = 1300;
				LastUpgradeCheck = 1300;
				TargetAttributes = {
					CEE15A3726A45F2100CFDC19 = {
						CreatedOnToolsVersion = 13.0;
					};
					CEE15A3D26A45F2100CFDC19 = {
						CreatedOnToolsVersion = 13.0;
					};
				};
			};
			buildConfigurationList = CEE15A2C26A45F2000CFDC19 /* Build configuration list for PBXProject "Trening_CleanArchitecture" */;
			compatibilityVersion = "Xcode 13.0";
			developmentRegion = en;
			hasScannedForEncodings = 0;
			knownRegions = (
				en,
				Base,
			);
			mainGroup = CEE15A2826A45F2000CFDC19;
			productRefGroup = CEE15A3926A45F2100CFDC19 /* Products */;
			projectDirPath = "";
			projectRoot = "";
			targets = (
				CEE15A3726A45F2100CFDC19 /* Trening_CleanArchitecture (iOS) */,
				CEE15A3D26A45F2100CFDC19 /* Trening_CleanArchitecture (macOS) */,
			);
		};
/* End PBXProject section */

/* Begin PBXResourcesBuildPhase section */
		CEE15A3626A45F2100CFDC19 /* Resources */ = {
			isa = PBXResourcesBuildPhase;
			buildActionMask = 2147483647;
			files = (
				CEE15A4726A45F2100CFDC19 /* Assets.xcassets in Resources */,
			);
			runOnlyForDeploymentPostprocessing = 0;
		};
		CEE15A3C26A45F2100CFDC19 /* Resources */ = {
			isa = PBXResourcesBuildPhase;
			buildActionMask = 2147483647;
			files = (
				CEE15A4826A45F2100CFDC19 /* Assets.xcassets in Resources */,
			);
			runOnlyForDeploymentPostprocessing = 0;
		};
/* End PBXResourcesBuildPhase section */

/* Begin PBXSourcesBuildPhase section */
		CEE15A3426A45F2100CFDC19 /* Sources */ = {
			isa = PBXSourcesBuildPhase;
			buildActionMask = 2147483647;
			files = (
				CEE15A4126A45F2100CFDC19 /* Trening_CleanArchitectureApp.swift in Sources */,
				CEE15A5226A45F2C00CFDC19 /* AppState.swift in Sources */,
				CEE15A5B26A4E7FB00CFDC19 /* TasksScreen.swift in Sources */,
				CE72082D26A8CEB200687D32 /* NavigationStackView.swift in Sources */,
				CED4655F26B2C320008B8705 /* InboxScreen.swift in Sources */,
				CEE15A4526A45F2100CFDC19 /* Persistence.swift in Sources */,
				CE1152C226ACBECB0076C4F7 /* CustomNavigationBar.swift in Sources */,
				CEE15A5526A4D8F900CFDC19 /* DIContainer.swift in Sources */,
				CEE15A5F26A4E8B400CFDC19 /* Models.swift in Sources */,
				CE7207FE26A6FF9B00687D32 /* StackAction.swift in Sources */,
				CEE15A5826A4E7F400CFDC19 /* ProjectsScreen.swift in Sources */,
				CE72083026A99DB600687D32 /* ViewStack.swift in Sources */,
				CEE15A4326A45F2100CFDC19 /* ContentView.swift in Sources */,
				CE1152C626ACD2B30076C4F7 /* CustomButtonStyle.swift in Sources */,
				CE72083326A99FDE00687D32 /* StackScreenViewController.swift in Sources */,
			);
			runOnlyForDeploymentPostprocessing = 0;
		};
		CEE15A3A26A45F2100CFDC19 /* Sources */ = {
			isa = PBXSourcesBuildPhase;
			buildActionMask = 2147483647;
			files = (
				CEE15A4226A45F2100CFDC19 /* Trening_CleanArchitectureApp.swift in Sources */,
				CEE15A5326A45F2C00CFDC19 /* AppState.swift in Sources */,
				CEE15A5C26A4E7FB00CFDC19 /* TasksScreen.swift in Sources */,
				CE72082E26A8CEB200687D32 /* NavigationStackView.swift in Sources */,
				CED4656026B2C320008B8705 /* InboxScreen.swift in Sources */,
				CEE15A4626A45F2100CFDC19 /* Persistence.swift in Sources */,
				CE1152C326ACBECB0076C4F7 /* CustomNavigationBar.swift in Sources */,
				CEE15A5626A4D8F900CFDC19 /* DIContainer.swift in Sources */,
				CEE15A6026A4E8B400CFDC19 /* Models.swift in Sources */,
				CE7207FF26A6FF9B00687D32 /* StackAction.swift in Sources */,
				CEE15A5926A4E7F400CFDC19 /* ProjectsScreen.swift in Sources */,
				CE72083126A99DB600687D32 /* ViewStack.swift in Sources */,
				CEE15A4426A45F2100CFDC19 /* ContentView.swift in Sources */,
				CE1152C726ACD2B30076C4F7 /* CustomButtonStyle.swift in Sources */,
				CE72083426A99FDE00687D32 /* StackScreenViewController.swift in Sources */,
			);
			runOnlyForDeploymentPostprocessing = 0;
		};
/* End PBXSourcesBuildPhase section */

/* Begin XCBuildConfiguration section */
		CEE15A4926A45F2100CFDC19 /* Debug */ = {
			isa = XCBuildConfiguration;
			buildSettings = {
				ALWAYS_SEARCH_USER_PATHS = NO;
				CLANG_ANALYZER_NONNULL = YES;
				CLANG_ANALYZER_NUMBER_OBJECT_CONVERSION = YES_AGGRESSIVE;
				CLANG_CXX_LANGUAGE_STANDARD = "gnu++14";
				CLANG_CXX_LIBRARY = "libc++";
				CLANG_ENABLE_MODULES = YES;
				CLANG_ENABLE_OBJC_ARC = YES;
				CLANG_ENABLE_OBJC_WEAK = YES;
				CLANG_WARN_BLOCK_CAPTURE_AUTORELEASING = YES;
				CLANG_WARN_BOOL_CONVERSION = YES;
				CLANG_WARN_COMMA = YES;
				CLANG_WARN_CONSTANT_CONVERSION = YES;
				CLANG_WARN_DEPRECATED_OBJC_IMPLEMENTATIONS = YES;
				CLANG_WARN_DIRECT_OBJC_ISA_USAGE = YES_ERROR;
				CLANG_WARN_DOCUMENTATION_COMMENTS = YES;
				CLANG_WARN_EMPTY_BODY = YES;
				CLANG_WARN_ENUM_CONVERSION = YES;
				CLANG_WARN_INFINITE_RECURSION = YES;
				CLANG_WARN_INT_CONVERSION = YES;
				CLANG_WARN_NON_LITERAL_NULL_CONVERSION = YES;
				CLANG_WARN_OBJC_IMPLICIT_RETAIN_SELF = YES;
				CLANG_WARN_OBJC_LITERAL_CONVERSION = YES;
				CLANG_WARN_OBJC_ROOT_CLASS = YES_ERROR;
				CLANG_WARN_QUOTED_INCLUDE_IN_FRAMEWORK_HEADER = YES;
				CLANG_WARN_RANGE_LOOP_ANALYSIS = YES;
				CLANG_WARN_STRICT_PROTOTYPES = YES;
				CLANG_WARN_SUSPICIOUS_MOVE = YES;
				CLANG_WARN_UNGUARDED_AVAILABILITY = YES_AGGRESSIVE;
				CLANG_WARN_UNREACHABLE_CODE = YES;
				CLANG_WARN__DUPLICATE_METHOD_MATCH = YES;
				COPY_PHASE_STRIP = NO;
				DEBUG_INFORMATION_FORMAT = dwarf;
				ENABLE_STRICT_OBJC_MSGSEND = YES;
				ENABLE_TESTABILITY = YES;
				GCC_C_LANGUAGE_STANDARD = gnu11;
				GCC_DYNAMIC_NO_PIC = NO;
				GCC_NO_COMMON_BLOCKS = YES;
				GCC_OPTIMIZATION_LEVEL = 0;
				GCC_PREPROCESSOR_DEFINITIONS = (
					"DEBUG=1",
					"$(inherited)",
				);
				GCC_WARN_64_TO_32_BIT_CONVERSION = YES;
				GCC_WARN_ABOUT_RETURN_TYPE = YES_ERROR;
				GCC_WARN_UNDECLARED_SELECTOR = YES;
				GCC_WARN_UNINITIALIZED_AUTOS = YES_AGGRESSIVE;
				GCC_WARN_UNUSED_FUNCTION = YES;
				GCC_WARN_UNUSED_VARIABLE = YES;
				MTL_ENABLE_DEBUG_INFO = INCLUDE_SOURCE;
				MTL_FAST_MATH = YES;
				ONLY_ACTIVE_ARCH = YES;
				SWIFT_ACTIVE_COMPILATION_CONDITIONS = DEBUG;
				SWIFT_OPTIMIZATION_LEVEL = "-Onone";
			};
			name = Debug;
		};
		CEE15A4A26A45F2100CFDC19 /* Release */ = {
			isa = XCBuildConfiguration;
			buildSettings = {
				ALWAYS_SEARCH_USER_PATHS = NO;
				CLANG_ANALYZER_NONNULL = YES;
				CLANG_ANALYZER_NUMBER_OBJECT_CONVERSION = YES_AGGRESSIVE;
				CLANG_CXX_LANGUAGE_STANDARD = "gnu++14";
				CLANG_CXX_LIBRARY = "libc++";
				CLANG_ENABLE_MODULES = YES;
				CLANG_ENABLE_OBJC_ARC = YES;
				CLANG_ENABLE_OBJC_WEAK = YES;
				CLANG_WARN_BLOCK_CAPTURE_AUTORELEASING = YES;
				CLANG_WARN_BOOL_CONVERSION = YES;
				CLANG_WARN_COMMA = YES;
				CLANG_WARN_CONSTANT_CONVERSION = YES;
				CLANG_WARN_DEPRECATED_OBJC_IMPLEMENTATIONS = YES;
				CLANG_WARN_DIRECT_OBJC_ISA_USAGE = YES_ERROR;
				CLANG_WARN_DOCUMENTATION_COMMENTS = YES;
				CLANG_WARN_EMPTY_BODY = YES;
				CLANG_WARN_ENUM_CONVERSION = YES;
				CLANG_WARN_INFINITE_RECURSION = YES;
				CLANG_WARN_INT_CONVERSION = YES;
				CLANG_WARN_NON_LITERAL_NULL_CONVERSION = YES;
				CLANG_WARN_OBJC_IMPLICIT_RETAIN_SELF = YES;
				CLANG_WARN_OBJC_LITERAL_CONVERSION = YES;
				CLANG_WARN_OBJC_ROOT_CLASS = YES_ERROR;
				CLANG_WARN_QUOTED_INCLUDE_IN_FRAMEWORK_HEADER = YES;
				CLANG_WARN_RANGE_LOOP_ANALYSIS = YES;
				CLANG_WARN_STRICT_PROTOTYPES = YES;
				CLANG_WARN_SUSPICIOUS_MOVE = YES;
				CLANG_WARN_UNGUARDED_AVAILABILITY = YES_AGGRESSIVE;
				CLANG_WARN_UNREACHABLE_CODE = YES;
				CLANG_WARN__DUPLICATE_METHOD_MATCH = YES;
				COPY_PHASE_STRIP = NO;
				DEBUG_INFORMATION_FORMAT = "dwarf-with-dsym";
				ENABLE_NS_ASSERTIONS = NO;
				ENABLE_STRICT_OBJC_MSGSEND = YES;
				GCC_C_LANGUAGE_STANDARD = gnu11;
				GCC_NO_COMMON_BLOCKS = YES;
				GCC_WARN_64_TO_32_BIT_CONVERSION = YES;
				GCC_WARN_ABOUT_RETURN_TYPE = YES_ERROR;
				GCC_WARN_UNDECLARED_SELECTOR = YES;
				GCC_WARN_UNINITIALIZED_AUTOS = YES_AGGRESSIVE;
				GCC_WARN_UNUSED_FUNCTION = YES;
				GCC_WARN_UNUSED_VARIABLE = YES;
				MTL_ENABLE_DEBUG_INFO = NO;
				MTL_FAST_MATH = YES;
				SWIFT_COMPILATION_MODE = wholemodule;
				SWIFT_OPTIMIZATION_LEVEL = "-O";
			};
			name = Release;
		};
		CEE15A4C26A45F2100CFDC19 /* Debug */ = {
			isa = XCBuildConfiguration;
			buildSettings = {
				ASSETCATALOG_COMPILER_APPICON_NAME = AppIcon;
				ASSETCATALOG_COMPILER_GLOBAL_ACCENT_COLOR_NAME = AccentColor;
				CODE_SIGN_IDENTITY = "Apple Development";
				CODE_SIGN_STYLE = Manual;
				CURRENT_PROJECT_VERSION = 1;
				DEVELOPMENT_TEAM = "";
				ENABLE_PREVIEWS = YES;
				GENERATE_INFOPLIST_FILE = YES;
				INFOPLIST_FILE = "Trening-CleanArchitecture--iOS--Info.plist";
				INFOPLIST_KEY_CFBundleExecutable = Trening_CleanArchitecture;
				INFOPLIST_KEY_CFBundleName = Trening_CleanArchitecture;
				INFOPLIST_KEY_CFBundleVersion = 1;
				INFOPLIST_KEY_UIApplicationSupportsIndirectInputEvents = YES;
				INFOPLIST_KEY_UILaunchScreen_Generation = YES;
				INFOPLIST_KEY_UISupportedInterfaceOrientations_iPad = "UIInterfaceOrientationPortrait UIInterfaceOrientationPortraitUpsideDown UIInterfaceOrientationLandscapeLeft UIInterfaceOrientationLandscapeRight";
				INFOPLIST_KEY_UISupportedInterfaceOrientations_iPhone = "UIInterfaceOrientationPortrait UIInterfaceOrientationLandscapeLeft UIInterfaceOrientationLandscapeRight";
				IPHONEOS_DEPLOYMENT_TARGET = 14.0;
				LD_RUNPATH_SEARCH_PATHS = (
					"$(inherited)",
					"@executable_path/Frameworks",
				);
				MARKETING_VERSION = 1.0;
				PRODUCT_BUNDLE_IDENTIFIER = "com.slusarzjan.Trening-CleanArchitecture";
				PRODUCT_NAME = Trening_CleanArchitecture;
				PROVISIONING_PROFILE_SPECIFIER = "";
				SDKROOT = iphoneos;
				SWIFT_EMIT_LOC_STRINGS = YES;
				SWIFT_VERSION = 5.0;
				TARGETED_DEVICE_FAMILY = "1,2";
			};
			name = Debug;
		};
		CEE15A4D26A45F2100CFDC19 /* Release */ = {
			isa = XCBuildConfiguration;
			buildSettings = {
				ASSETCATALOG_COMPILER_APPICON_NAME = AppIcon;
				ASSETCATALOG_COMPILER_GLOBAL_ACCENT_COLOR_NAME = AccentColor;
				CODE_SIGN_IDENTITY = "Apple Development";
				CODE_SIGN_STYLE = Manual;
				CURRENT_PROJECT_VERSION = 1;
				DEVELOPMENT_TEAM = "";
				ENABLE_PREVIEWS = YES;
				GENERATE_INFOPLIST_FILE = YES;
				INFOPLIST_FILE = "Trening-CleanArchitecture--iOS--Info.plist";
				INFOPLIST_KEY_CFBundleExecutable = Trening_CleanArchitecture;
				INFOPLIST_KEY_CFBundleName = Trening_CleanArchitecture;
				INFOPLIST_KEY_CFBundleVersion = 1;
				INFOPLIST_KEY_UIApplicationSupportsIndirectInputEvents = YES;
				INFOPLIST_KEY_UILaunchScreen_Generation = YES;
				INFOPLIST_KEY_UISupportedInterfaceOrientations_iPad = "UIInterfaceOrientationPortrait UIInterfaceOrientationPortraitUpsideDown UIInterfaceOrientationLandscapeLeft UIInterfaceOrientationLandscapeRight";
				INFOPLIST_KEY_UISupportedInterfaceOrientations_iPhone = "UIInterfaceOrientationPortrait UIInterfaceOrientationLandscapeLeft UIInterfaceOrientationLandscapeRight";
				IPHONEOS_DEPLOYMENT_TARGET = 14.0;
				LD_RUNPATH_SEARCH_PATHS = (
					"$(inherited)",
					"@executable_path/Frameworks",
				);
				MARKETING_VERSION = 1.0;
				PRODUCT_BUNDLE_IDENTIFIER = "com.slusarzjan.Trening-CleanArchitecture";
				PRODUCT_NAME = Trening_CleanArchitecture;
				PROVISIONING_PROFILE_SPECIFIER = "";
				SDKROOT = iphoneos;
				SWIFT_EMIT_LOC_STRINGS = YES;
				SWIFT_VERSION = 5.0;
				TARGETED_DEVICE_FAMILY = "1,2";
				VALIDATE_PRODUCT = YES;
			};
			name = Release;
		};
		CEE15A4F26A45F2100CFDC19 /* Debug */ = {
			isa = XCBuildConfiguration;
			buildSettings = {
				ASSETCATALOG_COMPILER_APPICON_NAME = AppIcon;
				ASSETCATALOG_COMPILER_GLOBAL_ACCENT_COLOR_NAME = AccentColor;
				CODE_SIGN_STYLE = Automatic;
				COMBINE_HIDPI_IMAGES = YES;
				CURRENT_PROJECT_VERSION = 1;
				DEVELOPMENT_TEAM = ZY5FRQGFT8;
				ENABLE_APP_SANDBOX = YES;
				ENABLE_HARDENED_RUNTIME = YES;
				ENABLE_PREVIEWS = YES;
				ENABLE_USER_SELECTED_FILES = readonly;
				GENERATE_INFOPLIST_FILE = YES;
				INFOPLIST_KEY_NSHumanReadableCopyright = "";
				LD_RUNPATH_SEARCH_PATHS = (
					"$(inherited)",
					"@executable_path/../Frameworks",
				);
				MACOSX_DEPLOYMENT_TARGET = 11.0;
				MARKETING_VERSION = 1.0;
				PRODUCT_BUNDLE_IDENTIFIER = "com.slusarzjan.Trening-CleanArchitecture";
				PRODUCT_NAME = Trening_CleanArchitecture;
				SDKROOT = macosx;
				SWIFT_EMIT_LOC_STRINGS = YES;
				SWIFT_VERSION = 5.0;
			};
			name = Debug;
		};
		CEE15A5026A45F2100CFDC19 /* Release */ = {
			isa = XCBuildConfiguration;
			buildSettings = {
				ASSETCATALOG_COMPILER_APPICON_NAME = AppIcon;
				ASSETCATALOG_COMPILER_GLOBAL_ACCENT_COLOR_NAME = AccentColor;
				CODE_SIGN_STYLE = Automatic;
				COMBINE_HIDPI_IMAGES = YES;
				CURRENT_PROJECT_VERSION = 1;
				DEVELOPMENT_TEAM = ZY5FRQGFT8;
				ENABLE_APP_SANDBOX = YES;
				ENABLE_HARDENED_RUNTIME = YES;
				ENABLE_PREVIEWS = YES;
				ENABLE_USER_SELECTED_FILES = readonly;
				GENERATE_INFOPLIST_FILE = YES;
				INFOPLIST_KEY_NSHumanReadableCopyright = "";
				LD_RUNPATH_SEARCH_PATHS = (
					"$(inherited)",
					"@executable_path/../Frameworks",
				);
				MACOSX_DEPLOYMENT_TARGET = 11.0;
				MARKETING_VERSION = 1.0;
				PRODUCT_BUNDLE_IDENTIFIER = "com.slusarzjan.Trening-CleanArchitecture";
				PRODUCT_NAME = Trening_CleanArchitecture;
				SDKROOT = macosx;
				SWIFT_EMIT_LOC_STRINGS = YES;
				SWIFT_VERSION = 5.0;
			};
			name = Release;
		};
/* End XCBuildConfiguration section */

/* Begin XCConfigurationList section */
		CEE15A2C26A45F2000CFDC19 /* Build configuration list for PBXProject "Trening_CleanArchitecture" */ = {
			isa = XCConfigurationList;
			buildConfigurations = (
				CEE15A4926A45F2100CFDC19 /* Debug */,
				CEE15A4A26A45F2100CFDC19 /* Release */,
			);
			defaultConfigurationIsVisible = 0;
			defaultConfigurationName = Release;
		};
		CEE15A4B26A45F2100CFDC19 /* Build configuration list for PBXNativeTarget "Trening_CleanArchitecture (iOS)" */ = {
			isa = XCConfigurationList;
			buildConfigurations = (
				CEE15A4C26A45F2100CFDC19 /* Debug */,
				CEE15A4D26A45F2100CFDC19 /* Release */,
			);
			defaultConfigurationIsVisible = 0;
			defaultConfigurationName = Release;
		};
		CEE15A4E26A45F2100CFDC19 /* Build configuration list for PBXNativeTarget "Trening_CleanArchitecture (macOS)" */ = {
			isa = XCConfigurationList;
			buildConfigurations = (
				CEE15A4F26A45F2100CFDC19 /* Debug */,
				CEE15A5026A45F2100CFDC19 /* Release */,
			);
			defaultConfigurationIsVisible = 0;
			defaultConfigurationName = Release;
		};
/* End XCConfigurationList section */
	};
	rootObject = CEE15A2926A45F2000CFDC19 /* Project object */;
}
