// !$*UTF8*$!
{
	archiveVersion = 1;
	classes = {
	};
	objectVersion = 55;
	objects = {

/* Begin PBXBuildFile section */
		CE1152C226ACBECB0076C4F7 /* NavigationBar.swift in Sources */ = {isa = PBXBuildFile; fileRef = CE1152C126ACBECB0076C4F7 /* NavigationBar.swift */; };
		CE1152C326ACBECB0076C4F7 /* NavigationBar.swift in Sources */ = {isa = PBXBuildFile; fileRef = CE1152C126ACBECB0076C4F7 /* NavigationBar.swift */; };
		CE1152C626ACD2B30076C4F7 /* CustomButtonStyle.swift in Sources */ = {isa = PBXBuildFile; fileRef = CE1152C526ACD2B30076C4F7 /* CustomButtonStyle.swift */; };
		CE1152C726ACD2B30076C4F7 /* CustomButtonStyle.swift in Sources */ = {isa = PBXBuildFile; fileRef = CE1152C526ACD2B30076C4F7 /* CustomButtonStyle.swift */; };
		CE43BB4326B6C43D000E04BB /* TaskDetailsScreen.swift in Sources */ = {isa = PBXBuildFile; fileRef = CE43BB4226B6C43D000E04BB /* TaskDetailsScreen.swift */; };
		CE43BB4426B6C43D000E04BB /* TaskDetailsScreen.swift in Sources */ = {isa = PBXBuildFile; fileRef = CE43BB4226B6C43D000E04BB /* TaskDetailsScreen.swift */; };
		CE43BB4626B6C450000E04BB /* ProjectDetailsScreen.swift in Sources */ = {isa = PBXBuildFile; fileRef = CE43BB4526B6C450000E04BB /* ProjectDetailsScreen.swift */; };
		CE43BB4726B6C450000E04BB /* ProjectDetailsScreen.swift in Sources */ = {isa = PBXBuildFile; fileRef = CE43BB4526B6C450000E04BB /* ProjectDetailsScreen.swift */; };
		CE43BB4926B6C9FD000E04BB /* InputDetailsScreen.swift in Sources */ = {isa = PBXBuildFile; fileRef = CE43BB4826B6C9FD000E04BB /* InputDetailsScreen.swift */; };
		CE43BB4A26B6C9FD000E04BB /* InputDetailsScreen.swift in Sources */ = {isa = PBXBuildFile; fileRef = CE43BB4826B6C9FD000E04BB /* InputDetailsScreen.swift */; };
		CE43BB4F26B6F577000E04BB /* Strategy.swift in Sources */ = {isa = PBXBuildFile; fileRef = CE43BB4E26B6F577000E04BB /* Strategy.swift */; };
		CE43BB5026B6F577000E04BB /* Strategy.swift in Sources */ = {isa = PBXBuildFile; fileRef = CE43BB4E26B6F577000E04BB /* Strategy.swift */; };
		CE7207FE26A6FF9B00687D32 /* StackAction.swift in Sources */ = {isa = PBXBuildFile; fileRef = CE7207FD26A6FF9B00687D32 /* StackAction.swift */; };
		CE7207FF26A6FF9B00687D32 /* StackAction.swift in Sources */ = {isa = PBXBuildFile; fileRef = CE7207FD26A6FF9B00687D32 /* StackAction.swift */; };
		CE72082D26A8CEB200687D32 /* NavigationController.swift in Sources */ = {isa = PBXBuildFile; fileRef = CE72082C26A8CEB200687D32 /* NavigationController.swift */; };
		CE72082E26A8CEB200687D32 /* NavigationController.swift in Sources */ = {isa = PBXBuildFile; fileRef = CE72082C26A8CEB200687D32 /* NavigationController.swift */; };
		CE72083026A99DB600687D32 /* Router.swift in Sources */ = {isa = PBXBuildFile; fileRef = CE72082F26A99DB600687D32 /* Router.swift */; };
		CE72083126A99DB600687D32 /* Router.swift in Sources */ = {isa = PBXBuildFile; fileRef = CE72082F26A99DB600687D32 /* Router.swift */; };
		CE72083326A99FDE00687D32 /* StackScreenViewController.swift in Sources */ = {isa = PBXBuildFile; fileRef = CE72083226A99FDE00687D32 /* StackScreenViewController.swift */; };
		CE72083426A99FDE00687D32 /* StackScreenViewController.swift in Sources */ = {isa = PBXBuildFile; fileRef = CE72083226A99FDE00687D32 /* StackScreenViewController.swift */; };
		CE7C732F26B4AEE1002BE638 /* TasksNavigationController.swift in Sources */ = {isa = PBXBuildFile; fileRef = CE7C732E26B4AEE1002BE638 /* TasksNavigationController.swift */; };
		CE7C733026B4AEE1002BE638 /* TasksNavigationController.swift in Sources */ = {isa = PBXBuildFile; fileRef = CE7C732E26B4AEE1002BE638 /* TasksNavigationController.swift */; };
		CE7C733226B4AF4F002BE638 /* ProjectsNavigationController.swift in Sources */ = {isa = PBXBuildFile; fileRef = CE7C733126B4AF4F002BE638 /* ProjectsNavigationController.swift */; };
		CE7C733326B4AF4F002BE638 /* ProjectsNavigationController.swift in Sources */ = {isa = PBXBuildFile; fileRef = CE7C733126B4AF4F002BE638 /* ProjectsNavigationController.swift */; };
		CE7C733526B4AF58002BE638 /* InboxNavigationController.swift in Sources */ = {isa = PBXBuildFile; fileRef = CE7C733426B4AF58002BE638 /* InboxNavigationController.swift */; };
		CE7C733626B4AF58002BE638 /* InboxNavigationController.swift in Sources */ = {isa = PBXBuildFile; fileRef = CE7C733426B4AF58002BE638 /* InboxNavigationController.swift */; };
		CE7C733B26B4B1A8002BE638 /* NavigationBarModifier.swift in Sources */ = {isa = PBXBuildFile; fileRef = CE7C733A26B4B1A8002BE638 /* NavigationBarModifier.swift */; };
		CE7C733C26B4B1A8002BE638 /* NavigationBarModifier.swift in Sources */ = {isa = PBXBuildFile; fileRef = CE7C733A26B4B1A8002BE638 /* NavigationBarModifier.swift */; };
		CE7C733E26B4B3F8002BE638 /* ScreenFactory.swift in Sources */ = {isa = PBXBuildFile; fileRef = CE7C733D26B4B3F8002BE638 /* ScreenFactory.swift */; };
		CE7C733F26B4B3F8002BE638 /* ScreenFactory.swift in Sources */ = {isa = PBXBuildFile; fileRef = CE7C733D26B4B3F8002BE638 /* ScreenFactory.swift */; };
		CE7C734126B4B8AB002BE638 /* CurrentValueSubject+Extensions.swift in Sources */ = {isa = PBXBuildFile; fileRef = CE7C734026B4B8AB002BE638 /* CurrentValueSubject+Extensions.swift */; };
		CE7C734226B4B8AB002BE638 /* CurrentValueSubject+Extensions.swift in Sources */ = {isa = PBXBuildFile; fileRef = CE7C734026B4B8AB002BE638 /* CurrentValueSubject+Extensions.swift */; };
		CE7C734526B4B8E7002BE638 /* EnvironmentValues+Extensions.swift in Sources */ = {isa = PBXBuildFile; fileRef = CE7C734426B4B8E7002BE638 /* EnvironmentValues+Extensions.swift */; };
		CE7C734626B4B8E7002BE638 /* EnvironmentValues+Extensions.swift in Sources */ = {isa = PBXBuildFile; fileRef = CE7C734426B4B8E7002BE638 /* EnvironmentValues+Extensions.swift */; };
		CE7C734826B4B95D002BE638 /* TasksInteractor.swift in Sources */ = {isa = PBXBuildFile; fileRef = CE7C734726B4B95D002BE638 /* TasksInteractor.swift */; };
		CE7C734926B4B95D002BE638 /* TasksInteractor.swift in Sources */ = {isa = PBXBuildFile; fileRef = CE7C734726B4B95D002BE638 /* TasksInteractor.swift */; };
		CE7C734D26B56BB3002BE638 /* ProjectsInteractor.swift in Sources */ = {isa = PBXBuildFile; fileRef = CE7C734C26B56BB3002BE638 /* ProjectsInteractor.swift */; };
		CE7C734E26B56BB3002BE638 /* ProjectsInteractor.swift in Sources */ = {isa = PBXBuildFile; fileRef = CE7C734C26B56BB3002BE638 /* ProjectsInteractor.swift */; };
		CE7C735026B5F38B002BE638 /* CustomTextfielsStyle.swift in Sources */ = {isa = PBXBuildFile; fileRef = CE7C734F26B5F38B002BE638 /* CustomTextfielsStyle.swift */; };
		CE7C735126B5F38B002BE638 /* CustomTextfielsStyle.swift in Sources */ = {isa = PBXBuildFile; fileRef = CE7C734F26B5F38B002BE638 /* CustomTextfielsStyle.swift */; };
		CED4655F26B2C320008B8705 /* InboxScreen.swift in Sources */ = {isa = PBXBuildFile; fileRef = CED4655E26B2C320008B8705 /* InboxScreen.swift */; };
		CED4656026B2C320008B8705 /* InboxScreen.swift in Sources */ = {isa = PBXBuildFile; fileRef = CED4655E26B2C320008B8705 /* InboxScreen.swift */; };
		CEE15A4126A45F2100CFDC19 /* Trening_CleanArchitectureApp.swift in Sources */ = {isa = PBXBuildFile; fileRef = CEE15A3026A45F2100CFDC19 /* Trening_CleanArchitectureApp.swift */; };
		CEE15A4226A45F2100CFDC19 /* Trening_CleanArchitectureApp.swift in Sources */ = {isa = PBXBuildFile; fileRef = CEE15A3026A45F2100CFDC19 /* Trening_CleanArchitectureApp.swift */; };
		CEE15A4326A45F2100CFDC19 /* ContentView.swift in Sources */ = {isa = PBXBuildFile; fileRef = CEE15A3126A45F2100CFDC19 /* ContentView.swift */; };
		CEE15A4426A45F2100CFDC19 /* ContentView.swift in Sources */ = {isa = PBXBuildFile; fileRef = CEE15A3126A45F2100CFDC19 /* ContentView.swift */; };
		CEE15A5226A45F2C00CFDC19 /* AppState.swift in Sources */ = {isa = PBXBuildFile; fileRef = CEE15A5126A45F2C00CFDC19 /* AppState.swift */; };
		CEE15A5326A45F2C00CFDC19 /* AppState.swift in Sources */ = {isa = PBXBuildFile; fileRef = CEE15A5126A45F2C00CFDC19 /* AppState.swift */; };
		CEE15A5526A4D8F900CFDC19 /* Container.swift in Sources */ = {isa = PBXBuildFile; fileRef = CEE15A5426A4D8F900CFDC19 /* Container.swift */; };
		CEE15A5626A4D8F900CFDC19 /* Container.swift in Sources */ = {isa = PBXBuildFile; fileRef = CEE15A5426A4D8F900CFDC19 /* Container.swift */; };
		CEE15A5826A4E7F400CFDC19 /* ProjectsScreen.swift in Sources */ = {isa = PBXBuildFile; fileRef = CEE15A5726A4E7F400CFDC19 /* ProjectsScreen.swift */; };
		CEE15A5926A4E7F400CFDC19 /* ProjectsScreen.swift in Sources */ = {isa = PBXBuildFile; fileRef = CEE15A5726A4E7F400CFDC19 /* ProjectsScreen.swift */; };
		CEE15A5B26A4E7FB00CFDC19 /* TasksScreen.swift in Sources */ = {isa = PBXBuildFile; fileRef = CEE15A5A26A4E7FB00CFDC19 /* TasksScreen.swift */; };
		CEE15A5C26A4E7FB00CFDC19 /* TasksScreen.swift in Sources */ = {isa = PBXBuildFile; fileRef = CEE15A5A26A4E7FB00CFDC19 /* TasksScreen.swift */; };
		CEE15A5F26A4E8B400CFDC19 /* Models.swift in Sources */ = {isa = PBXBuildFile; fileRef = CEE15A5E26A4E8B400CFDC19 /* Models.swift */; };
		CEE15A6026A4E8B400CFDC19 /* Models.swift in Sources */ = {isa = PBXBuildFile; fileRef = CEE15A5E26A4E8B400CFDC19 /* Models.swift */; };
/* End PBXBuildFile section */

/* Begin PBXFileReference section */
		CE1152C126ACBECB0076C4F7 /* NavigationBar.swift */ = {isa = PBXFileReference; lastKnownFileType = sourcecode.swift; path = NavigationBar.swift; sourceTree = "<group>"; };
		CE1152C526ACD2B30076C4F7 /* CustomButtonStyle.swift */ = {isa = PBXFileReference; lastKnownFileType = sourcecode.swift; path = CustomButtonStyle.swift; sourceTree = "<group>"; };
		CE43BB4226B6C43D000E04BB /* TaskDetailsScreen.swift */ = {isa = PBXFileReference; lastKnownFileType = sourcecode.swift; path = TaskDetailsScreen.swift; sourceTree = "<group>"; };
		CE43BB4526B6C450000E04BB /* ProjectDetailsScreen.swift */ = {isa = PBXFileReference; lastKnownFileType = sourcecode.swift; path = ProjectDetailsScreen.swift; sourceTree = "<group>"; };
		CE43BB4826B6C9FD000E04BB /* InputDetailsScreen.swift */ = {isa = PBXFileReference; lastKnownFileType = sourcecode.swift; path = InputDetailsScreen.swift; sourceTree = "<group>"; };
		CE43BB4E26B6F577000E04BB /* Strategy.swift */ = {isa = PBXFileReference; lastKnownFileType = sourcecode.swift; path = Strategy.swift; sourceTree = "<group>"; };
		CE7207FD26A6FF9B00687D32 /* StackAction.swift */ = {isa = PBXFileReference; lastKnownFileType = sourcecode.swift; path = StackAction.swift; sourceTree = "<group>"; };
		CE72082B26A8C0C300687D32 /* Trening-CleanArchitecture--iOS--Info.plist */ = {isa = PBXFileReference; lastKnownFileType = text.plist; path = "Trening-CleanArchitecture--iOS--Info.plist"; sourceTree = "<group>"; };
		CE72082C26A8CEB200687D32 /* NavigationController.swift */ = {isa = PBXFileReference; lastKnownFileType = sourcecode.swift; path = NavigationController.swift; sourceTree = "<group>"; };
		CE72082F26A99DB600687D32 /* Router.swift */ = {isa = PBXFileReference; lastKnownFileType = sourcecode.swift; path = Router.swift; sourceTree = "<group>"; };
		CE72083226A99FDE00687D32 /* StackScreenViewController.swift */ = {isa = PBXFileReference; lastKnownFileType = sourcecode.swift; path = StackScreenViewController.swift; sourceTree = "<group>"; };
		CE7C732E26B4AEE1002BE638 /* TasksNavigationController.swift */ = {isa = PBXFileReference; lastKnownFileType = sourcecode.swift; path = TasksNavigationController.swift; sourceTree = "<group>"; };
		CE7C733126B4AF4F002BE638 /* ProjectsNavigationController.swift */ = {isa = PBXFileReference; lastKnownFileType = sourcecode.swift; path = ProjectsNavigationController.swift; sourceTree = "<group>"; };
		CE7C733426B4AF58002BE638 /* InboxNavigationController.swift */ = {isa = PBXFileReference; lastKnownFileType = sourcecode.swift; path = InboxNavigationController.swift; sourceTree = "<group>"; };
		CE7C733A26B4B1A8002BE638 /* NavigationBarModifier.swift */ = {isa = PBXFileReference; lastKnownFileType = sourcecode.swift; path = NavigationBarModifier.swift; sourceTree = "<group>"; };
		CE7C733D26B4B3F8002BE638 /* ScreenFactory.swift */ = {isa = PBXFileReference; lastKnownFileType = sourcecode.swift; path = ScreenFactory.swift; sourceTree = "<group>"; };
		CE7C734026B4B8AB002BE638 /* CurrentValueSubject+Extensions.swift */ = {isa = PBXFileReference; lastKnownFileType = sourcecode.swift; path = "CurrentValueSubject+Extensions.swift"; sourceTree = "<group>"; };
		CE7C734426B4B8E7002BE638 /* EnvironmentValues+Extensions.swift */ = {isa = PBXFileReference; lastKnownFileType = sourcecode.swift; path = "EnvironmentValues+Extensions.swift"; sourceTree = "<group>"; };
		CE7C734726B4B95D002BE638 /* TasksInteractor.swift */ = {isa = PBXFileReference; lastKnownFileType = sourcecode.swift; path = TasksInteractor.swift; sourceTree = "<group>"; };
		CE7C734C26B56BB3002BE638 /* ProjectsInteractor.swift */ = {isa = PBXFileReference; lastKnownFileType = sourcecode.swift; path = ProjectsInteractor.swift; sourceTree = "<group>"; };
		CE7C734F26B5F38B002BE638 /* CustomTextfielsStyle.swift */ = {isa = PBXFileReference; lastKnownFileType = sourcecode.swift; path = CustomTextfielsStyle.swift; sourceTree = "<group>"; };
		CED4655E26B2C320008B8705 /* InboxScreen.swift */ = {isa = PBXFileReference; lastKnownFileType = sourcecode.swift; path = InboxScreen.swift; sourceTree = "<group>"; };
		CEE15A3026A45F2100CFDC19 /* Trening_CleanArchitectureApp.swift */ = {isa = PBXFileReference; lastKnownFileType = sourcecode.swift; path = Trening_CleanArchitectureApp.swift; sourceTree = "<group>"; };
		CEE15A3126A45F2100CFDC19 /* ContentView.swift */ = {isa = PBXFileReference; lastKnownFileType = sourcecode.swift; path = ContentView.swift; sourceTree = "<group>"; };
		CEE15A3326A45F2100CFDC19 /* Assets.xcassets */ = {isa = PBXFileReference; lastKnownFileType = folder.assetcatalog; path = Assets.xcassets; sourceTree = "<group>"; };
		CEE15A3826A45F2100CFDC19 /* Trening_CleanArchitecture.app */ = {isa = PBXFileReference; explicitFileType = wrapper.application; includeInIndex = 0; path = Trening_CleanArchitecture.app; sourceTree = BUILT_PRODUCTS_DIR; };
		CEE15A3E26A45F2100CFDC19 /* Trening_CleanArchitecture.app */ = {isa = PBXFileReference; explicitFileType = wrapper.application; includeInIndex = 0; path = Trening_CleanArchitecture.app; sourceTree = BUILT_PRODUCTS_DIR; };
		CEE15A5126A45F2C00CFDC19 /* AppState.swift */ = {isa = PBXFileReference; lastKnownFileType = sourcecode.swift; path = AppState.swift; sourceTree = "<group>"; };
		CEE15A5426A4D8F900CFDC19 /* Container.swift */ = {isa = PBXFileReference; lastKnownFileType = sourcecode.swift; path = Container.swift; sourceTree = "<group>"; };
		CEE15A5726A4E7F400CFDC19 /* ProjectsScreen.swift */ = {isa = PBXFileReference; lastKnownFileType = sourcecode.swift; path = ProjectsScreen.swift; sourceTree = "<group>"; };
		CEE15A5A26A4E7FB00CFDC19 /* TasksScreen.swift */ = {isa = PBXFileReference; lastKnownFileType = sourcecode.swift; path = TasksScreen.swift; sourceTree = "<group>"; };
		CEE15A5E26A4E8B400CFDC19 /* Models.swift */ = {isa = PBXFileReference; lastKnownFileType = sourcecode.swift; path = Models.swift; sourceTree = "<group>"; };
/* End PBXFileReference section */

/* Begin PBXFrameworksBuildPhase section */
		CEE15A3526A45F2100CFDC19 /* Frameworks */ = {
			isa = PBXFrameworksBuildPhase;
			buildActionMask = 2147483647;
			files = (
			);
			runOnlyForDeploymentPostprocessing = 0;
		};
		CEE15A3B26A45F2100CFDC19 /* Frameworks */ = {
			isa = PBXFrameworksBuildPhase;
			buildActionMask = 2147483647;
			files = (
			);
			runOnlyForDeploymentPostprocessing = 0;
		};
/* End PBXFrameworksBuildPhase section */

/* Begin PBXGroup section */
		CE1152C426ACCF9B0076C4F7 /* Screens */ = {
			isa = PBXGroup;
			children = (
				CEE15A5A26A4E7FB00CFDC19 /* TasksScreen.swift */,
				CE43BB4226B6C43D000E04BB /* TaskDetailsScreen.swift */,
				CEE15A5726A4E7F400CFDC19 /* ProjectsScreen.swift */,
				CE43BB4526B6C450000E04BB /* ProjectDetailsScreen.swift */,
				CED4655E26B2C320008B8705 /* InboxScreen.swift */,
				CE43BB4826B6C9FD000E04BB /* InputDetailsScreen.swift */,
			);
			path = Screens;
			sourceTree = "<group>";
		};
		CE7C733726B4B0AD002BE638 /* NavigationControllers */ = {
			isa = PBXGroup;
			children = (
				CE72082C26A8CEB200687D32 /* NavigationController.swift */,
				CE7C732E26B4AEE1002BE638 /* TasksNavigationController.swift */,
				CE7C733126B4AF4F002BE638 /* ProjectsNavigationController.swift */,
				CE7C733426B4AF58002BE638 /* InboxNavigationController.swift */,
			);
			path = NavigationControllers;
			sourceTree = "<group>";
		};
		CE7C733826B4B119002BE638 /* Styles */ = {
			isa = PBXGroup;
			children = (
				CE1152C526ACD2B30076C4F7 /* CustomButtonStyle.swift */,
				CE7C734F26B5F38B002BE638 /* CustomTextfielsStyle.swift */,
			);
			path = Styles;
			sourceTree = "<group>";
		};
		CE7C733926B4B129002BE638 /* ViewStack */ = {
			isa = PBXGroup;
			children = (
				CE7207FD26A6FF9B00687D32 /* StackAction.swift */,
				CE72082F26A99DB600687D32 /* Router.swift */,
			);
			path = ViewStack;
			sourceTree = "<group>";
		};
		CE7C734326B4B8AF002BE638 /* Extensions */ = {
			isa = PBXGroup;
			children = (
				CE7C734026B4B8AB002BE638 /* CurrentValueSubject+Extensions.swift */,
				CE7C734426B4B8E7002BE638 /* EnvironmentValues+Extensions.swift */,
			);
			path = Extensions;
			sourceTree = "<group>";
		};
		CE7C734A26B4B98C002BE638 /* Interactors */ = {
			isa = PBXGroup;
			children = (
				CE7C734726B4B95D002BE638 /* TasksInteractor.swift */,
				CE7C734C26B56BB3002BE638 /* ProjectsInteractor.swift */,
			);
			path = Interactors;
			sourceTree = "<group>";
		};
		CE7C734B26B4B996002BE638 /* Data */ = {
			isa = PBXGroup;
			children = (
				CEE15A5126A45F2C00CFDC19 /* AppState.swift */,
				CEE15A5426A4D8F900CFDC19 /* Container.swift */,
				CEE15A5E26A4E8B400CFDC19 /* Models.swift */,
			);
			path = Data;
			sourceTree = "<group>";
		};
		CEE15A2826A45F2000CFDC19 = {
			isa = PBXGroup;
			children = (
				CE72082B26A8C0C300687D32 /* Trening-CleanArchitecture--iOS--Info.plist */,
				CEE15A2D26A45F2100CFDC19 /* Shared */,
				CEE15A3926A45F2100CFDC19 /* Products */,
			);
			sourceTree = "<group>";
		};
		CEE15A2D26A45F2100CFDC19 /* Shared */ = {
			isa = PBXGroup;
			children = (
				CEE15A3026A45F2100CFDC19 /* Trening_CleanArchitectureApp.swift */,
				CEE15A3126A45F2100CFDC19 /* ContentView.swift */,
				CE7C734B26B4B996002BE638 /* Data */,
				CEE15A5D26A4E80F00CFDC19 /* Navigation */,
				CE1152C426ACCF9B0076C4F7 /* Screens */,
				CE7C733826B4B119002BE638 /* Styles */,
				CE7C734A26B4B98C002BE638 /* Interactors */,
				CE7C734326B4B8AF002BE638 /* Extensions */,
				CEE15A3326A45F2100CFDC19 /* Assets.xcassets */,
			);
			path = Shared;
			sourceTree = "<group>";
		};
		CEE15A3926A45F2100CFDC19 /* Products */ = {
			isa = PBXGroup;
			children = (
				CEE15A3826A45F2100CFDC19 /* Trening_CleanArchitecture.app */,
				CEE15A3E26A45F2100CFDC19 /* Trening_CleanArchitecture.app */,
			);
			name = Products;
			sourceTree = "<group>";
		};
		CEE15A5D26A4E80F00CFDC19 /* Navigation */ = {
			isa = PBXGroup;
			children = (
				CE7C733926B4B129002BE638 /* ViewStack */,
				CE72083226A99FDE00687D32 /* StackScreenViewController.swift */,
				CE7C733D26B4B3F8002BE638 /* ScreenFactory.swift */,
				CE1152C126ACBECB0076C4F7 /* NavigationBar.swift */,
				CE43BB4E26B6F577000E04BB /* Strategy.swift */,
				CE7C733A26B4B1A8002BE638 /* NavigationBarModifier.swift */,
				CE7C733726B4B0AD002BE638 /* NavigationControllers */,
			);
			path = Navigation;
			sourceTree = "<group>";
		};
/* End PBXGroup section */

/* Begin PBXNativeTarget section */
		CEE15A3726A45F2100CFDC19 /* Trening_CleanArchitecture (iOS) */ = {
			isa = PBXNativeTarget;
			buildConfigurationList = CEE15A4B26A45F2100CFDC19 /* Build configuration list for PBXNativeTarget "Trening_CleanArchitecture (iOS)" */;
			buildPhases = (
				CEE15A3426A45F2100CFDC19 /* Sources */,
				CEE15A3526A45F2100CFDC19 /* Frameworks */,
				CEE15A3626A45F2100CFDC19 /* Resources */,
			);
			buildRules = (
			);
			dependencies = (
			);
			name = "Trening_CleanArchitecture (iOS)";
			productName = "Trening_CleanArchitecture (iOS)";
			productReference = CEE15A3826A45F2100CFDC19 /* Trening_CleanArchitecture.app */;
			productType = "com.apple.product-type.application";
		};
		CEE15A3D26A45F2100CFDC19 /* Trening_CleanArchitecture (macOS) */ = {
			isa = PBXNativeTarget;
			buildConfigurationList = CEE15A4E26A45F2100CFDC19 /* Build configuration list for PBXNativeTarget "Trening_CleanArchitecture (macOS)" */;
			buildPhases = (
				CEE15A3A26A45F2100CFDC19 /* Sources */,
				CEE15A3B26A45F2100CFDC19 /* Frameworks */,
				CEE15A3C26A45F2100CFDC19 /* Resources */,
			);
			buildRules = (
			);
			dependencies = (
			);
			name = "Trening_CleanArchitecture (macOS)";
			productName = "Trening_CleanArchitecture (macOS)";
			productReference = CEE15A3E26A45F2100CFDC19 /* Trening_CleanArchitecture.app */;
			productType = "com.apple.product-type.application";
		};
/* End PBXNativeTarget section */

/* Begin PBXProject section */
		CEE15A2926A45F2000CFDC19 /* Project object */ = {
			isa = PBXProject;
			attributes = {
				BuildIndependentTargetsInParallel = 1;
				LastSwiftUpdateCheck = 1300;
				LastUpgradeCheck = 1300;
				TargetAttributes = {
					CEE15A3726A45F2100CFDC19 = {
						CreatedOnToolsVersion = 13.0;
					};
					CEE15A3D26A45F2100CFDC19 = {
						CreatedOnToolsVersion = 13.0;
					};
				};
			};
			buildConfigurationList = CEE15A2C26A45F2000CFDC19 /* Build configuration list for PBXProject "Trening_CleanArchitecture" */;
			compatibilityVersion = "Xcode 13.0";
			developmentRegion = en;
			hasScannedForEncodings = 0;
			knownRegions = (
				en,
				Base,
			);
			mainGroup = CEE15A2826A45F2000CFDC19;
			productRefGroup = CEE15A3926A45F2100CFDC19 /* Products */;
			projectDirPath = "";
			projectRoot = "";
			targets = (
				CEE15A3726A45F2100CFDC19 /* Trening_CleanArchitecture (iOS) */,
				CEE15A3D26A45F2100CFDC19 /* Trening_CleanArchitecture (macOS) */,
			);
		};
/* End PBXProject section */

/* Begin PBXResourcesBuildPhase section */
		CEE15A3626A45F2100CFDC19 /* Resources */ = {
			isa = PBXResourcesBuildPhase;
			buildActionMask = 2147483647;
			files = (
			);
			runOnlyForDeploymentPostprocessing = 0;
		};
		CEE15A3C26A45F2100CFDC19 /* Resources */ = {
			isa = PBXResourcesBuildPhase;
			buildActionMask = 2147483647;
			files = (
			);
			runOnlyForDeploymentPostprocessing = 0;
		};
/* End PBXResourcesBuildPhase section */

/* Begin PBXSourcesBuildPhase section */
		CEE15A3426A45F2100CFDC19 /* Sources */ = {
			isa = PBXSourcesBuildPhase;
			buildActionMask = 2147483647;
			files = (
				CEE15A4126A45F2100CFDC19 /* Trening_CleanArchitectureApp.swift in Sources */,
				CE43BB4F26B6F577000E04BB /* Strategy.swift in Sources */,
				CE43BB4926B6C9FD000E04BB /* InputDetailsScreen.swift in Sources */,
				CEE15A5226A45F2C00CFDC19 /* AppState.swift in Sources */,
				CEE15A5B26A4E7FB00CFDC19 /* TasksScreen.swift in Sources */,
				CE72082D26A8CEB200687D32 /* NavigationController.swift in Sources */,
				CE7C732F26B4AEE1002BE638 /* TasksNavigationController.swift in Sources */,
				CED4655F26B2C320008B8705 /* InboxScreen.swift in Sources */,
				CE43BB4626B6C450000E04BB /* ProjectDetailsScreen.swift in Sources */,
				CE7C733526B4AF58002BE638 /* InboxNavigationController.swift in Sources */,
				CE1152C226ACBECB0076C4F7 /* NavigationBar.swift in Sources */,
				CEE15A5526A4D8F900CFDC19 /* Container.swift in Sources */,
				CE7C735026B5F38B002BE638 /* CustomTextfielsStyle.swift in Sources */,
				CE7C733B26B4B1A8002BE638 /* NavigationBarModifier.swift in Sources */,
				CE7C734526B4B8E7002BE638 /* EnvironmentValues+Extensions.swift in Sources */,
				CE7C734126B4B8AB002BE638 /* CurrentValueSubject+Extensions.swift in Sources */,
				CE43BB4326B6C43D000E04BB /* TaskDetailsScreen.swift in Sources */,
				CEE15A5F26A4E8B400CFDC19 /* Models.swift in Sources */,
				CE7207FE26A6FF9B00687D32 /* StackAction.swift in Sources */,
				CEE15A5826A4E7F400CFDC19 /* ProjectsScreen.swift in Sources */,
				CE7C733E26B4B3F8002BE638 /* ScreenFactory.swift in Sources */,
				CE72083026A99DB600687D32 /* Router.swift in Sources */,
				CE7C734D26B56BB3002BE638 /* ProjectsInteractor.swift in Sources */,
				CE7C734826B4B95D002BE638 /* TasksInteractor.swift in Sources */,
				CE7C733226B4AF4F002BE638 /* ProjectsNavigationController.swift in Sources */,
				CEE15A4326A45F2100CFDC19 /* ContentView.swift in Sources */,
				CE1152C626ACD2B30076C4F7 /* CustomButtonStyle.swift in Sources */,
				CE72083326A99FDE00687D32 /* StackScreenViewController.swift in Sources */,
			);
			runOnlyForDeploymentPostprocessing = 0;
		};
		CEE15A3A26A45F2100CFDC19 /* Sources */ = {
			isa = PBXSourcesBuildPhase;
			buildActionMask = 2147483647;
			files = (
				CEE15A4226A45F2100CFDC19 /* Trening_CleanArchitectureApp.swift in Sources */,
				CE43BB5026B6F577000E04BB /* Strategy.swift in Sources */,
				CE43BB4A26B6C9FD000E04BB /* InputDetailsScreen.swift in Sources */,
				CEE15A5326A45F2C00CFDC19 /* AppState.swift in Sources */,
				CEE15A5C26A4E7FB00CFDC19 /* TasksScreen.swift in Sources */,
				CE72082E26A8CEB200687D32 /* NavigationController.swift in Sources */,
				CE7C733026B4AEE1002BE638 /* TasksNavigationController.swift in Sources */,
				CED4656026B2C320008B8705 /* InboxScreen.swift in Sources */,
				CE43BB4726B6C450000E04BB /* ProjectDetailsScreen.swift in Sources */,
				CE7C733626B4AF58002BE638 /* InboxNavigationController.swift in Sources */,
				CE1152C326ACBECB0076C4F7 /* NavigationBar.swift in Sources */,
				CEE15A5626A4D8F900CFDC19 /* Container.swift in Sources */,
				CE7C735126B5F38B002BE638 /* CustomTextfielsStyle.swift in Sources */,
				CE7C733C26B4B1A8002BE638 /* NavigationBarModifier.swift in Sources */,
				CE7C734626B4B8E7002BE638 /* EnvironmentValues+Extensions.swift in Sources */,
				CE7C734226B4B8AB002BE638 /* CurrentValueSubject+Extensions.swift in Sources */,
				CE43BB4426B6C43D000E04BB /* TaskDetailsScreen.swift in Sources */,
				CEE15A6026A4E8B400CFDC19 /* Models.swift in Sources */,
				CE7207FF26A6FF9B00687D32 /* StackAction.swift in Sources */,
				CEE15A5926A4E7F400CFDC19 /* ProjectsScreen.swift in Sources */,
				CE7C733F26B4B3F8002BE638 /* ScreenFactory.swift in Sources */,
				CE72083126A99DB600687D32 /* Router.swift in Sources */,
				CE7C734E26B56BB3002BE638 /* ProjectsInteractor.swift in Sources */,
				CE7C734926B4B95D002BE638 /* TasksInteractor.swift in Sources */,
				CE7C733326B4AF4F002BE638 /* ProjectsNavigationController.swift in Sources */,
				CEE15A4426A45F2100CFDC19 /* ContentView.swift in Sources */,
				CE1152C726ACD2B30076C4F7 /* CustomButtonStyle.swift in Sources */,
				CE72083426A99FDE00687D32 /* StackScreenViewController.swift in Sources */,
			);
			runOnlyForDeploymentPostprocessing = 0;
		};
/* End PBXSourcesBuildPhase section */

/* Begin XCBuildConfiguration section */
		CEE15A4926A45F2100CFDC19 /* Debug */ = {
			isa = XCBuildConfiguration;
			buildSettings = {
				ALWAYS_SEARCH_USER_PATHS = NO;
				CLANG_ANALYZER_NONNULL = YES;
				CLANG_ANALYZER_NUMBER_OBJECT_CONVERSION = YES_AGGRESSIVE;
				CLANG_CXX_LANGUAGE_STANDARD = "gnu++14";
				CLANG_CXX_LIBRARY = "libc++";
				CLANG_ENABLE_MODULES = YES;
				CLANG_ENABLE_OBJC_ARC = YES;
				CLANG_ENABLE_OBJC_WEAK = YES;
				CLANG_WARN_BLOCK_CAPTURE_AUTORELEASING = YES;
				CLANG_WARN_BOOL_CONVERSION = YES;
				CLANG_WARN_COMMA = YES;
				CLANG_WARN_CONSTANT_CONVERSION = YES;
				CLANG_WARN_DEPRECATED_OBJC_IMPLEMENTATIONS = YES;
				CLANG_WARN_DIRECT_OBJC_ISA_USAGE = YES_ERROR;
				CLANG_WARN_DOCUMENTATION_COMMENTS = YES;
				CLANG_WARN_EMPTY_BODY = YES;
				CLANG_WARN_ENUM_CONVERSION = YES;
				CLANG_WARN_INFINITE_RECURSION = YES;
				CLANG_WARN_INT_CONVERSION = YES;
				CLANG_WARN_NON_LITERAL_NULL_CONVERSION = YES;
				CLANG_WARN_OBJC_IMPLICIT_RETAIN_SELF = YES;
				CLANG_WARN_OBJC_LITERAL_CONVERSION = YES;
				CLANG_WARN_OBJC_ROOT_CLASS = YES_ERROR;
				CLANG_WARN_QUOTED_INCLUDE_IN_FRAMEWORK_HEADER = YES;
				CLANG_WARN_RANGE_LOOP_ANALYSIS = YES;
				CLANG_WARN_STRICT_PROTOTYPES = YES;
				CLANG_WARN_SUSPICIOUS_MOVE = YES;
				CLANG_WARN_UNGUARDED_AVAILABILITY = YES_AGGRESSIVE;
				CLANG_WARN_UNREACHABLE_CODE = YES;
				CLANG_WARN__DUPLICATE_METHOD_MATCH = YES;
				COPY_PHASE_STRIP = NO;
				DEBUG_INFORMATION_FORMAT = dwarf;
				ENABLE_STRICT_OBJC_MSGSEND = YES;
				ENABLE_TESTABILITY = YES;
				GCC_C_LANGUAGE_STANDARD = gnu11;
				GCC_DYNAMIC_NO_PIC = NO;
				GCC_NO_COMMON_BLOCKS = YES;
				GCC_OPTIMIZATION_LEVEL = 0;
				GCC_PREPROCESSOR_DEFINITIONS = (
					"DEBUG=1",
					"$(inherited)",
				);
				GCC_WARN_64_TO_32_BIT_CONVERSION = YES;
				GCC_WARN_ABOUT_RETURN_TYPE = YES_ERROR;
				GCC_WARN_UNDECLARED_SELECTOR = YES;
				GCC_WARN_UNINITIALIZED_AUTOS = YES_AGGRESSIVE;
				GCC_WARN_UNUSED_FUNCTION = YES;
				GCC_WARN_UNUSED_VARIABLE = YES;
				MTL_ENABLE_DEBUG_INFO = INCLUDE_SOURCE;
				MTL_FAST_MATH = YES;
				ONLY_ACTIVE_ARCH = YES;
				SWIFT_ACTIVE_COMPILATION_CONDITIONS = DEBUG;
				SWIFT_OPTIMIZATION_LEVEL = "-Onone";
			};
			name = Debug;
		};
		CEE15A4A26A45F2100CFDC19 /* Release */ = {
			isa = XCBuildConfiguration;
			buildSettings = {
				ALWAYS_SEARCH_USER_PATHS = NO;
				CLANG_ANALYZER_NONNULL = YES;
				CLANG_ANALYZER_NUMBER_OBJECT_CONVERSION = YES_AGGRESSIVE;
				CLANG_CXX_LANGUAGE_STANDARD = "gnu++14";
				CLANG_CXX_LIBRARY = "libc++";
				CLANG_ENABLE_MODULES = YES;
				CLANG_ENABLE_OBJC_ARC = YES;
				CLANG_ENABLE_OBJC_WEAK = YES;
				CLANG_WARN_BLOCK_CAPTURE_AUTORELEASING = YES;
				CLANG_WARN_BOOL_CONVERSION = YES;
				CLANG_WARN_COMMA = YES;
				CLANG_WARN_CONSTANT_CONVERSION = YES;
				CLANG_WARN_DEPRECATED_OBJC_IMPLEMENTATIONS = YES;
				CLANG_WARN_DIRECT_OBJC_ISA_USAGE = YES_ERROR;
				CLANG_WARN_DOCUMENTATION_COMMENTS = YES;
				CLANG_WARN_EMPTY_BODY = YES;
				CLANG_WARN_ENUM_CONVERSION = YES;
				CLANG_WARN_INFINITE_RECURSION = YES;
				CLANG_WARN_INT_CONVERSION = YES;
				CLANG_WARN_NON_LITERAL_NULL_CONVERSION = YES;
				CLANG_WARN_OBJC_IMPLICIT_RETAIN_SELF = YES;
				CLANG_WARN_OBJC_LITERAL_CONVERSION = YES;
				CLANG_WARN_OBJC_ROOT_CLASS = YES_ERROR;
				CLANG_WARN_QUOTED_INCLUDE_IN_FRAMEWORK_HEADER = YES;
				CLANG_WARN_RANGE_LOOP_ANALYSIS = YES;
				CLANG_WARN_STRICT_PROTOTYPES = YES;
				CLANG_WARN_SUSPICIOUS_MOVE = YES;
				CLANG_WARN_UNGUARDED_AVAILABILITY = YES_AGGRESSIVE;
				CLANG_WARN_UNREACHABLE_CODE = YES;
				CLANG_WARN__DUPLICATE_METHOD_MATCH = YES;
				COPY_PHASE_STRIP = NO;
				DEBUG_INFORMATION_FORMAT = "dwarf-with-dsym";
				ENABLE_NS_ASSERTIONS = NO;
				ENABLE_STRICT_OBJC_MSGSEND = YES;
				GCC_C_LANGUAGE_STANDARD = gnu11;
				GCC_NO_COMMON_BLOCKS = YES;
				GCC_WARN_64_TO_32_BIT_CONVERSION = YES;
				GCC_WARN_ABOUT_RETURN_TYPE = YES_ERROR;
				GCC_WARN_UNDECLARED_SELECTOR = YES;
				GCC_WARN_UNINITIALIZED_AUTOS = YES_AGGRESSIVE;
				GCC_WARN_UNUSED_FUNCTION = YES;
				GCC_WARN_UNUSED_VARIABLE = YES;
				MTL_ENABLE_DEBUG_INFO = NO;
				MTL_FAST_MATH = YES;
				SWIFT_COMPILATION_MODE = wholemodule;
				SWIFT_OPTIMIZATION_LEVEL = "-O";
			};
			name = Release;
		};
		CEE15A4C26A45F2100CFDC19 /* Debug */ = {
			isa = XCBuildConfiguration;
			buildSettings = {
				ASSETCATALOG_COMPILER_APPICON_NAME = AppIcon;
				ASSETCATALOG_COMPILER_GLOBAL_ACCENT_COLOR_NAME = AccentColor;
				CODE_SIGN_IDENTITY = "Apple Development";
				CODE_SIGN_STYLE = Automatic;
				CURRENT_PROJECT_VERSION = 1;
				DEVELOPMENT_TEAM = ZY5FRQGFT8;
				ENABLE_PREVIEWS = YES;
				GENERATE_INFOPLIST_FILE = YES;
				INFOPLIST_FILE = "Trening-CleanArchitecture--iOS--Info.plist";
				INFOPLIST_KEY_CFBundleExecutable = Trening_CleanArchitecture;
				INFOPLIST_KEY_CFBundleName = Trening_CleanArchitecture;
				INFOPLIST_KEY_CFBundleVersion = 1;
				INFOPLIST_KEY_UIApplicationSupportsIndirectInputEvents = YES;
				INFOPLIST_KEY_UILaunchScreen_Generation = YES;
				INFOPLIST_KEY_UISupportedInterfaceOrientations_iPad = "UIInterfaceOrientationPortrait UIInterfaceOrientationPortraitUpsideDown UIInterfaceOrientationLandscapeLeft UIInterfaceOrientationLandscapeRight";
				INFOPLIST_KEY_UISupportedInterfaceOrientations_iPhone = "UIInterfaceOrientationPortrait UIInterfaceOrientationLandscapeLeft UIInterfaceOrientationLandscapeRight";
				IPHONEOS_DEPLOYMENT_TARGET = 14.0;
				LD_RUNPATH_SEARCH_PATHS = (
					"$(inherited)",
					"@executable_path/Frameworks",
				);
				MARKETING_VERSION = 1.0;
				PRODUCT_BUNDLE_IDENTIFIER = "com.slusarzjan.Trening-CleanArchitecture";
				PRODUCT_NAME = Trening_CleanArchitecture;
				PROVISIONING_PROFILE_SPECIFIER = "";
				SDKROOT = iphoneos;
				SWIFT_EMIT_LOC_STRINGS = YES;
				SWIFT_VERSION = 5.0;
				TARGETED_DEVICE_FAMILY = "1,2";
			};
			name = Debug;
		};
		CEE15A4D26A45F2100CFDC19 /* Release */ = {
			isa = XCBuildConfiguration;
			buildSettings = {
				ASSETCATALOG_COMPILER_APPICON_NAME = AppIcon;
				ASSETCATALOG_COMPILER_GLOBAL_ACCENT_COLOR_NAME = AccentColor;
				CODE_SIGN_IDENTITY = "Apple Development";
				CODE_SIGN_STYLE = Automatic;
				CURRENT_PROJECT_VERSION = 1;
				DEVELOPMENT_TEAM = ZY5FRQGFT8;
				ENABLE_PREVIEWS = YES;
				GENERATE_INFOPLIST_FILE = YES;
				INFOPLIST_FILE = "Trening-CleanArchitecture--iOS--Info.plist";
				INFOPLIST_KEY_CFBundleExecutable = Trening_CleanArchitecture;
				INFOPLIST_KEY_CFBundleName = Trening_CleanArchitecture;
				INFOPLIST_KEY_CFBundleVersion = 1;
				INFOPLIST_KEY_UIApplicationSupportsIndirectInputEvents = YES;
				INFOPLIST_KEY_UILaunchScreen_Generation = YES;
				INFOPLIST_KEY_UISupportedInterfaceOrientations_iPad = "UIInterfaceOrientationPortrait UIInterfaceOrientationPortraitUpsideDown UIInterfaceOrientationLandscapeLeft UIInterfaceOrientationLandscapeRight";
				INFOPLIST_KEY_UISupportedInterfaceOrientations_iPhone = "UIInterfaceOrientationPortrait UIInterfaceOrientationLandscapeLeft UIInterfaceOrientationLandscapeRight";
				IPHONEOS_DEPLOYMENT_TARGET = 14.0;
				LD_RUNPATH_SEARCH_PATHS = (
					"$(inherited)",
					"@executable_path/Frameworks",
				);
				MARKETING_VERSION = 1.0;
				PRODUCT_BUNDLE_IDENTIFIER = "com.slusarzjan.Trening-CleanArchitecture";
				PRODUCT_NAME = Trening_CleanArchitecture;
				PROVISIONING_PROFILE_SPECIFIER = "";
				SDKROOT = iphoneos;
				SWIFT_EMIT_LOC_STRINGS = YES;
				SWIFT_VERSION = 5.0;
				TARGETED_DEVICE_FAMILY = "1,2";
				VALIDATE_PRODUCT = YES;
			};
			name = Release;
		};
		CEE15A4F26A45F2100CFDC19 /* Debug */ = {
			isa = XCBuildConfiguration;
			buildSettings = {
				ASSETCATALOG_COMPILER_APPICON_NAME = AppIcon;
				ASSETCATALOG_COMPILER_GLOBAL_ACCENT_COLOR_NAME = AccentColor;
				CODE_SIGN_IDENTITY = "Apple Development";
				CODE_SIGN_STYLE = Automatic;
				COMBINE_HIDPI_IMAGES = YES;
				CURRENT_PROJECT_VERSION = 1;
				DEVELOPMENT_TEAM = ZY5FRQGFT8;
				ENABLE_APP_SANDBOX = YES;
				ENABLE_HARDENED_RUNTIME = YES;
				ENABLE_PREVIEWS = YES;
				ENABLE_USER_SELECTED_FILES = readonly;
				GENERATE_INFOPLIST_FILE = YES;
				INFOPLIST_KEY_NSHumanReadableCopyright = "";
				LD_RUNPATH_SEARCH_PATHS = (
					"$(inherited)",
					"@executable_path/../Frameworks",
				);
				MACOSX_DEPLOYMENT_TARGET = 11.0;
				MARKETING_VERSION = 1.0;
				PRODUCT_BUNDLE_IDENTIFIER = "com.slusarzjan.Trening-CleanArchitecture";
				PRODUCT_NAME = Trening_CleanArchitecture;
				PROVISIONING_PROFILE_SPECIFIER = "";
				SDKROOT = macosx;
				SWIFT_EMIT_LOC_STRINGS = YES;
				SWIFT_VERSION = 5.0;
			};
			name = Debug;
		};
		CEE15A5026A45F2100CFDC19 /* Release */ = {
			isa = XCBuildConfiguration;
			buildSettings = {
				ASSETCATALOG_COMPILER_APPICON_NAME = AppIcon;
				ASSETCATALOG_COMPILER_GLOBAL_ACCENT_COLOR_NAME = AccentColor;
				CODE_SIGN_IDENTITY = "Apple Development";
				CODE_SIGN_STYLE = Automatic;
				COMBINE_HIDPI_IMAGES = YES;
				CURRENT_PROJECT_VERSION = 1;
				DEVELOPMENT_TEAM = ZY5FRQGFT8;
				ENABLE_APP_SANDBOX = YES;
				ENABLE_HARDENED_RUNTIME = YES;
				ENABLE_PREVIEWS = YES;
				ENABLE_USER_SELECTED_FILES = readonly;
				GENERATE_INFOPLIST_FILE = YES;
				INFOPLIST_KEY_NSHumanReadableCopyright = "";
				LD_RUNPATH_SEARCH_PATHS = (
					"$(inherited)",
					"@executable_path/../Frameworks",
				);
				MACOSX_DEPLOYMENT_TARGET = 11.0;
				MARKETING_VERSION = 1.0;
				PRODUCT_BUNDLE_IDENTIFIER = "com.slusarzjan.Trening-CleanArchitecture";
				PRODUCT_NAME = Trening_CleanArchitecture;
				PROVISIONING_PROFILE_SPECIFIER = "";
				SDKROOT = macosx;
				SWIFT_EMIT_LOC_STRINGS = YES;
				SWIFT_VERSION = 5.0;
			};
			name = Release;
		};
/* End XCBuildConfiguration section */

/* Begin XCConfigurationList section */
		CEE15A2C26A45F2000CFDC19 /* Build configuration list for PBXProject "Trening_CleanArchitecture" */ = {
			isa = XCConfigurationList;
			buildConfigurations = (
				CEE15A4926A45F2100CFDC19 /* Debug */,
				CEE15A4A26A45F2100CFDC19 /* Release */,
			);
			defaultConfigurationIsVisible = 0;
			defaultConfigurationName = Release;
		};
		CEE15A4B26A45F2100CFDC19 /* Build configuration list for PBXNativeTarget "Trening_CleanArchitecture (iOS)" */ = {
			isa = XCConfigurationList;
			buildConfigurations = (
				CEE15A4C26A45F2100CFDC19 /* Debug */,
				CEE15A4D26A45F2100CFDC19 /* Release */,
			);
			defaultConfigurationIsVisible = 0;
			defaultConfigurationName = Release;
		};
		CEE15A4E26A45F2100CFDC19 /* Build configuration list for PBXNativeTarget "Trening_CleanArchitecture (macOS)" */ = {
			isa = XCConfigurationList;
			buildConfigurations = (
				CEE15A4F26A45F2100CFDC19 /* Debug */,
				CEE15A5026A45F2100CFDC19 /* Release */,
			);
			defaultConfigurationIsVisible = 0;
			defaultConfigurationName = Release;
		};
/* End XCConfigurationList section */
	};
	rootObject = CEE15A2926A45F2000CFDC19 /* Project object */;
}
